// !$*UTF8*$!
{
	archiveVersion = 1;
	classes = {
	};
	objectVersion = 50;
	objects = {

/* Begin PBXBuildFile section */
		E82CF57623FA1BD50064007D /* GameControllerTests.swift in Sources */ = {isa = PBXBuildFile; fileRef = E82CF57523FA1BD50064007D /* GameControllerTests.swift */; };
		E8598B5223F3DDEF0051EBDC /* GameController.swift in Sources */ = {isa = PBXBuildFile; fileRef = E8598B5123F3DDEF0051EBDC /* GameController.swift */; };
		E86A24A423F0088B00A56191 /* BoardTests.swift in Sources */ = {isa = PBXBuildFile; fileRef = E86A24A323F0088B00A56191 /* BoardTests.swift */; };
		E8A68F4F23EFEEC7007CF5BF /* GameManagerTests.swift in Sources */ = {isa = PBXBuildFile; fileRef = E8A68F4E23EFEEC7007CF5BF /* GameManagerTests.swift */; };
		E8BD3E6323E3F8EB00B2CEA1 /* GameManager.swift in Sources */ = {isa = PBXBuildFile; fileRef = E8BD3E6223E3F8EB00B2CEA1 /* GameManager.swift */; };
		E8BD3E6523E3FA3200B2CEA1 /* Tetromino.swift in Sources */ = {isa = PBXBuildFile; fileRef = E8BD3E6423E3FA3200B2CEA1 /* Tetromino.swift */; };
		E8FAD03723DE5A700097C050 /* AppDelegate.swift in Sources */ = {isa = PBXBuildFile; fileRef = E8FAD03623DE5A700097C050 /* AppDelegate.swift */; };
		E8FAD03923DE5A700097C050 /* SceneDelegate.swift in Sources */ = {isa = PBXBuildFile; fileRef = E8FAD03823DE5A700097C050 /* SceneDelegate.swift */; };
		E8FAD03B23DE5A700097C050 /* GameView.swift in Sources */ = {isa = PBXBuildFile; fileRef = E8FAD03A23DE5A700097C050 /* GameView.swift */; };
		E8FAD03D23DE5A710097C050 /* Assets.xcassets in Resources */ = {isa = PBXBuildFile; fileRef = E8FAD03C23DE5A710097C050 /* Assets.xcassets */; };
		E8FAD04023DE5A710097C050 /* Preview Assets.xcassets in Resources */ = {isa = PBXBuildFile; fileRef = E8FAD03F23DE5A710097C050 /* Preview Assets.xcassets */; };
		E8FAD04323DE5A710097C050 /* LaunchScreen.storyboard in Resources */ = {isa = PBXBuildFile; fileRef = E8FAD04123DE5A710097C050 /* LaunchScreen.storyboard */; };
		E8FAD04E23DE5A710097C050 /* TetrominoTests.swift in Sources */ = {isa = PBXBuildFile; fileRef = E8FAD04D23DE5A710097C050 /* TetrominoTests.swift */; };
		E8FAD05923DE5A710097C050 /* Tetris_SwiftUIUITests.swift in Sources */ = {isa = PBXBuildFile; fileRef = E8FAD05823DE5A710097C050 /* Tetris_SwiftUIUITests.swift */; };
		E8FAD06B23E005F80097C050 /* Cell.swift in Sources */ = {isa = PBXBuildFile; fileRef = E8FAD06A23E005F80097C050 /* Cell.swift */; };
		E8FAD06D23E0079E0097C050 /* Board.swift in Sources */ = {isa = PBXBuildFile; fileRef = E8FAD06C23E0079E0097C050 /* Board.swift */; };
		E8FAD07123E011D10097C050 /* BoardView.swift in Sources */ = {isa = PBXBuildFile; fileRef = E8FAD07023E011D10097C050 /* BoardView.swift */; };
		E8FAD07323E2AB840097C050 /* CellView.swift in Sources */ = {isa = PBXBuildFile; fileRef = E8FAD07223E2AB840097C050 /* CellView.swift */; };
/* End PBXBuildFile section */

/* Begin PBXContainerItemProxy section */
		E8FAD04A23DE5A710097C050 /* PBXContainerItemProxy */ = {
			isa = PBXContainerItemProxy;
			containerPortal = E8FAD02B23DE5A700097C050 /* Project object */;
			proxyType = 1;
			remoteGlobalIDString = E8FAD03223DE5A700097C050;
			remoteInfo = "Tetris-SwiftUI";
		};
		E8FAD05523DE5A710097C050 /* PBXContainerItemProxy */ = {
			isa = PBXContainerItemProxy;
			containerPortal = E8FAD02B23DE5A700097C050 /* Project object */;
			proxyType = 1;
			remoteGlobalIDString = E8FAD03223DE5A700097C050;
			remoteInfo = "Tetris-SwiftUI";
		};
/* End PBXContainerItemProxy section */

/* Begin PBXFileReference section */
		E82CF57523FA1BD50064007D /* GameControllerTests.swift */ = {isa = PBXFileReference; lastKnownFileType = sourcecode.swift; path = GameControllerTests.swift; sourceTree = "<group>"; };
		E8598B5123F3DDEF0051EBDC /* GameController.swift */ = {isa = PBXFileReference; lastKnownFileType = sourcecode.swift; path = GameController.swift; sourceTree = "<group>"; };
		E86A24A323F0088B00A56191 /* BoardTests.swift */ = {isa = PBXFileReference; lastKnownFileType = sourcecode.swift; path = BoardTests.swift; sourceTree = "<group>"; };
		E8A68F4E23EFEEC7007CF5BF /* GameManagerTests.swift */ = {isa = PBXFileReference; lastKnownFileType = sourcecode.swift; path = GameManagerTests.swift; sourceTree = "<group>"; };
		E8BD3E6223E3F8EB00B2CEA1 /* GameManager.swift */ = {isa = PBXFileReference; lastKnownFileType = sourcecode.swift; path = GameManager.swift; sourceTree = "<group>"; };
		E8BD3E6423E3FA3200B2CEA1 /* Tetromino.swift */ = {isa = PBXFileReference; lastKnownFileType = sourcecode.swift; path = Tetromino.swift; sourceTree = "<group>"; };
		E8FAD03323DE5A700097C050 /* Tetris-SwiftUI.app */ = {isa = PBXFileReference; explicitFileType = wrapper.application; includeInIndex = 0; path = "Tetris-SwiftUI.app"; sourceTree = BUILT_PRODUCTS_DIR; };
		E8FAD03623DE5A700097C050 /* AppDelegate.swift */ = {isa = PBXFileReference; lastKnownFileType = sourcecode.swift; path = AppDelegate.swift; sourceTree = "<group>"; };
		E8FAD03823DE5A700097C050 /* SceneDelegate.swift */ = {isa = PBXFileReference; lastKnownFileType = sourcecode.swift; path = SceneDelegate.swift; sourceTree = "<group>"; };
		E8FAD03A23DE5A700097C050 /* GameView.swift */ = {isa = PBXFileReference; lastKnownFileType = sourcecode.swift; path = GameView.swift; sourceTree = "<group>"; };
		E8FAD03C23DE5A710097C050 /* Assets.xcassets */ = {isa = PBXFileReference; lastKnownFileType = folder.assetcatalog; path = Assets.xcassets; sourceTree = "<group>"; };
		E8FAD03F23DE5A710097C050 /* Preview Assets.xcassets */ = {isa = PBXFileReference; lastKnownFileType = folder.assetcatalog; path = "Preview Assets.xcassets"; sourceTree = "<group>"; };
		E8FAD04223DE5A710097C050 /* Base */ = {isa = PBXFileReference; lastKnownFileType = file.storyboard; name = Base; path = Base.lproj/LaunchScreen.storyboard; sourceTree = "<group>"; };
		E8FAD04423DE5A710097C050 /* Info.plist */ = {isa = PBXFileReference; lastKnownFileType = text.plist.xml; path = Info.plist; sourceTree = "<group>"; };
		E8FAD04923DE5A710097C050 /* Tetris-SwiftUITests.xctest */ = {isa = PBXFileReference; explicitFileType = wrapper.cfbundle; includeInIndex = 0; path = "Tetris-SwiftUITests.xctest"; sourceTree = BUILT_PRODUCTS_DIR; };
		E8FAD04D23DE5A710097C050 /* TetrominoTests.swift */ = {isa = PBXFileReference; lastKnownFileType = sourcecode.swift; path = TetrominoTests.swift; sourceTree = "<group>"; };
		E8FAD04F23DE5A710097C050 /* Info.plist */ = {isa = PBXFileReference; lastKnownFileType = text.plist.xml; path = Info.plist; sourceTree = "<group>"; };
		E8FAD05423DE5A710097C050 /* Tetris-SwiftUIUITests.xctest */ = {isa = PBXFileReference; explicitFileType = wrapper.cfbundle; includeInIndex = 0; path = "Tetris-SwiftUIUITests.xctest"; sourceTree = BUILT_PRODUCTS_DIR; };
		E8FAD05823DE5A710097C050 /* Tetris_SwiftUIUITests.swift */ = {isa = PBXFileReference; lastKnownFileType = sourcecode.swift; path = Tetris_SwiftUIUITests.swift; sourceTree = "<group>"; };
		E8FAD05A23DE5A710097C050 /* Info.plist */ = {isa = PBXFileReference; lastKnownFileType = text.plist.xml; path = Info.plist; sourceTree = "<group>"; };
		E8FAD06A23E005F80097C050 /* Cell.swift */ = {isa = PBXFileReference; lastKnownFileType = sourcecode.swift; path = Cell.swift; sourceTree = "<group>"; };
		E8FAD06C23E0079E0097C050 /* Board.swift */ = {isa = PBXFileReference; lastKnownFileType = sourcecode.swift; path = Board.swift; sourceTree = "<group>"; };
		E8FAD07023E011D10097C050 /* BoardView.swift */ = {isa = PBXFileReference; lastKnownFileType = sourcecode.swift; path = BoardView.swift; sourceTree = "<group>"; };
		E8FAD07223E2AB840097C050 /* CellView.swift */ = {isa = PBXFileReference; lastKnownFileType = sourcecode.swift; path = CellView.swift; sourceTree = "<group>"; };
/* End PBXFileReference section */

/* Begin PBXFrameworksBuildPhase section */
		E8FAD03023DE5A700097C050 /* Frameworks */ = {
			isa = PBXFrameworksBuildPhase;
			buildActionMask = 2147483647;
			files = (
			);
			runOnlyForDeploymentPostprocessing = 0;
		};
		E8FAD04623DE5A710097C050 /* Frameworks */ = {
			isa = PBXFrameworksBuildPhase;
			buildActionMask = 2147483647;
			files = (
			);
			runOnlyForDeploymentPostprocessing = 0;
		};
		E8FAD05123DE5A710097C050 /* Frameworks */ = {
			isa = PBXFrameworksBuildPhase;
			buildActionMask = 2147483647;
			files = (
			);
			runOnlyForDeploymentPostprocessing = 0;
		};
/* End PBXFrameworksBuildPhase section */

/* Begin PBXGroup section */
		E8FAD02A23DE5A700097C050 = {
			isa = PBXGroup;
			children = (
				E8FAD03523DE5A700097C050 /* Tetris-SwiftUI */,
				E8FAD04C23DE5A710097C050 /* Tetris-SwiftUITests */,
				E8FAD05723DE5A710097C050 /* Tetris-SwiftUIUITests */,
				E8FAD03423DE5A700097C050 /* Products */,
			);
			sourceTree = "<group>";
		};
		E8FAD03423DE5A700097C050 /* Products */ = {
			isa = PBXGroup;
			children = (
				E8FAD03323DE5A700097C050 /* Tetris-SwiftUI.app */,
				E8FAD04923DE5A710097C050 /* Tetris-SwiftUITests.xctest */,
				E8FAD05423DE5A710097C050 /* Tetris-SwiftUIUITests.xctest */,
			);
			name = Products;
			sourceTree = "<group>";
		};
		E8FAD03523DE5A700097C050 /* Tetris-SwiftUI */ = {
			isa = PBXGroup;
			children = (
				E8FAD03623DE5A700097C050 /* AppDelegate.swift */,
				E8FAD03823DE5A700097C050 /* SceneDelegate.swift */,
				E8FAD03A23DE5A700097C050 /* GameView.swift */,
				E8FAD03C23DE5A710097C050 /* Assets.xcassets */,
				E8FAD04123DE5A710097C050 /* LaunchScreen.storyboard */,
				E8FAD04423DE5A710097C050 /* Info.plist */,
				E8FAD03E23DE5A710097C050 /* Preview Content */,
				E8FAD06A23E005F80097C050 /* Cell.swift */,
				E8FAD06C23E0079E0097C050 /* Board.swift */,
				E8FAD07023E011D10097C050 /* BoardView.swift */,
				E8FAD07223E2AB840097C050 /* CellView.swift */,
				E8BD3E6223E3F8EB00B2CEA1 /* GameManager.swift */,
				E8BD3E6423E3FA3200B2CEA1 /* Tetromino.swift */,
				E8598B5123F3DDEF0051EBDC /* GameController.swift */,
			);
			path = "Tetris-SwiftUI";
			sourceTree = "<group>";
		};
		E8FAD03E23DE5A710097C050 /* Preview Content */ = {
			isa = PBXGroup;
			children = (
				E8FAD03F23DE5A710097C050 /* Preview Assets.xcassets */,
			);
			path = "Preview Content";
			sourceTree = "<group>";
		};
		E8FAD04C23DE5A710097C050 /* Tetris-SwiftUITests */ = {
			isa = PBXGroup;
			children = (
				E8FAD04D23DE5A710097C050 /* TetrominoTests.swift */,
				E8FAD04F23DE5A710097C050 /* Info.plist */,
				E8A68F4E23EFEEC7007CF5BF /* GameManagerTests.swift */,
				E86A24A323F0088B00A56191 /* BoardTests.swift */,
				E82CF57523FA1BD50064007D /* GameControllerTests.swift */,
			);
			path = "Tetris-SwiftUITests";
			sourceTree = "<group>";
		};
		E8FAD05723DE5A710097C050 /* Tetris-SwiftUIUITests */ = {
			isa = PBXGroup;
			children = (
				E8FAD05823DE5A710097C050 /* Tetris_SwiftUIUITests.swift */,
				E8FAD05A23DE5A710097C050 /* Info.plist */,
			);
			path = "Tetris-SwiftUIUITests";
			sourceTree = "<group>";
		};
/* End PBXGroup section */

/* Begin PBXNativeTarget section */
		E8FAD03223DE5A700097C050 /* Tetris-SwiftUI */ = {
			isa = PBXNativeTarget;
			buildConfigurationList = E8FAD05D23DE5A710097C050 /* Build configuration list for PBXNativeTarget "Tetris-SwiftUI" */;
			buildPhases = (
				E8FAD02F23DE5A700097C050 /* Sources */,
				E8FAD03023DE5A700097C050 /* Frameworks */,
				E8FAD03123DE5A700097C050 /* Resources */,
				E880B1A22411EFD700FB0545 /* ShellScript */,
			);
			buildRules = (
			);
			dependencies = (
			);
			name = "Tetris-SwiftUI";
			productName = "Tetris-SwiftUI";
			productReference = E8FAD03323DE5A700097C050 /* Tetris-SwiftUI.app */;
			productType = "com.apple.product-type.application";
		};
		E8FAD04823DE5A710097C050 /* Tetris-SwiftUITests */ = {
			isa = PBXNativeTarget;
			buildConfigurationList = E8FAD06023DE5A710097C050 /* Build configuration list for PBXNativeTarget "Tetris-SwiftUITests" */;
			buildPhases = (
				E8FAD04523DE5A710097C050 /* Sources */,
				E8FAD04623DE5A710097C050 /* Frameworks */,
				E8FAD04723DE5A710097C050 /* Resources */,
			);
			buildRules = (
			);
			dependencies = (
				E8FAD04B23DE5A710097C050 /* PBXTargetDependency */,
			);
			name = "Tetris-SwiftUITests";
			productName = "Tetris-SwiftUITests";
			productReference = E8FAD04923DE5A710097C050 /* Tetris-SwiftUITests.xctest */;
			productType = "com.apple.product-type.bundle.unit-test";
		};
		E8FAD05323DE5A710097C050 /* Tetris-SwiftUIUITests */ = {
			isa = PBXNativeTarget;
			buildConfigurationList = E8FAD06323DE5A710097C050 /* Build configuration list for PBXNativeTarget "Tetris-SwiftUIUITests" */;
			buildPhases = (
				E8FAD05023DE5A710097C050 /* Sources */,
				E8FAD05123DE5A710097C050 /* Frameworks */,
				E8FAD05223DE5A710097C050 /* Resources */,
			);
			buildRules = (
			);
			dependencies = (
				E8FAD05623DE5A710097C050 /* PBXTargetDependency */,
			);
			name = "Tetris-SwiftUIUITests";
			productName = "Tetris-SwiftUIUITests";
			productReference = E8FAD05423DE5A710097C050 /* Tetris-SwiftUIUITests.xctest */;
			productType = "com.apple.product-type.bundle.ui-testing";
		};
/* End PBXNativeTarget section */

/* Begin PBXProject section */
		E8FAD02B23DE5A700097C050 /* Project object */ = {
			isa = PBXProject;
			attributes = {
				LastSwiftUpdateCheck = 1120;
				LastUpgradeCheck = 1120;
				ORGANIZATIONNAME = "Tien Thuy Ho";
				TargetAttributes = {
					E8FAD03223DE5A700097C050 = {
						CreatedOnToolsVersion = 11.2;
					};
					E8FAD04823DE5A710097C050 = {
						CreatedOnToolsVersion = 11.2;
						TestTargetID = E8FAD03223DE5A700097C050;
					};
					E8FAD05323DE5A710097C050 = {
						CreatedOnToolsVersion = 11.2;
						TestTargetID = E8FAD03223DE5A700097C050;
					};
				};
			};
			buildConfigurationList = E8FAD02E23DE5A700097C050 /* Build configuration list for PBXProject "Tetris-SwiftUI" */;
			compatibilityVersion = "Xcode 9.3";
			developmentRegion = en;
			hasScannedForEncodings = 0;
			knownRegions = (
				en,
				Base,
			);
			mainGroup = E8FAD02A23DE5A700097C050;
			productRefGroup = E8FAD03423DE5A700097C050 /* Products */;
			projectDirPath = "";
			projectRoot = "";
			targets = (
				E8FAD03223DE5A700097C050 /* Tetris-SwiftUI */,
				E8FAD04823DE5A710097C050 /* Tetris-SwiftUITests */,
				E8FAD05323DE5A710097C050 /* Tetris-SwiftUIUITests */,
			);
		};
/* End PBXProject section */

/* Begin PBXResourcesBuildPhase section */
		E8FAD03123DE5A700097C050 /* Resources */ = {
			isa = PBXResourcesBuildPhase;
			buildActionMask = 2147483647;
			files = (
				E8FAD04323DE5A710097C050 /* LaunchScreen.storyboard in Resources */,
				E8FAD04023DE5A710097C050 /* Preview Assets.xcassets in Resources */,
				E8FAD03D23DE5A710097C050 /* Assets.xcassets in Resources */,
			);
			runOnlyForDeploymentPostprocessing = 0;
		};
		E8FAD04723DE5A710097C050 /* Resources */ = {
			isa = PBXResourcesBuildPhase;
			buildActionMask = 2147483647;
			files = (
			);
			runOnlyForDeploymentPostprocessing = 0;
		};
		E8FAD05223DE5A710097C050 /* Resources */ = {
			isa = PBXResourcesBuildPhase;
			buildActionMask = 2147483647;
			files = (
			);
			runOnlyForDeploymentPostprocessing = 0;
		};
/* End PBXResourcesBuildPhase section */

/* Begin PBXShellScriptBuildPhase section */
		E880B1A22411EFD700FB0545 /* ShellScript */ = {
			isa = PBXShellScriptBuildPhase;
			buildActionMask = 2147483647;
			files = (
			);
			inputFileListPaths = (
			);
			inputPaths = (
			);
			outputFileListPaths = (
			);
			outputPaths = (
			);
			runOnlyForDeploymentPostprocessing = 0;
			shellPath = /bin/sh;
			shellScript = "if which swiftlint >/dev/null; then\n  swiftlint\nelse\n  echo \"warning: SwiftLint not installed, download from https://github.com/realm/SwiftLint\"\nfi\n";
		};
/* End PBXShellScriptBuildPhase section */

/* Begin PBXSourcesBuildPhase section */
		E8FAD02F23DE5A700097C050 /* Sources */ = {
			isa = PBXSourcesBuildPhase;
			buildActionMask = 2147483647;
			files = (
				E8FAD03723DE5A700097C050 /* AppDelegate.swift in Sources */,
				E8598B5223F3DDEF0051EBDC /* GameController.swift in Sources */,
				E8BD3E6323E3F8EB00B2CEA1 /* GameManager.swift in Sources */,
				E8BD3E6523E3FA3200B2CEA1 /* Tetromino.swift in Sources */,
				E8FAD06B23E005F80097C050 /* Cell.swift in Sources */,
				E8FAD06D23E0079E0097C050 /* Board.swift in Sources */,
				E8FAD07123E011D10097C050 /* BoardView.swift in Sources */,
				E8FAD03923DE5A700097C050 /* SceneDelegate.swift in Sources */,
				E8FAD03B23DE5A700097C050 /* GameView.swift in Sources */,
				E8FAD07323E2AB840097C050 /* CellView.swift in Sources */,
			);
			runOnlyForDeploymentPostprocessing = 0;
		};
		E8FAD04523DE5A710097C050 /* Sources */ = {
			isa = PBXSourcesBuildPhase;
			buildActionMask = 2147483647;
			files = (
				E8FAD04E23DE5A710097C050 /* TetrominoTests.swift in Sources */,
				E82CF57623FA1BD50064007D /* GameControllerTests.swift in Sources */,
				E8A68F4F23EFEEC7007CF5BF /* GameManagerTests.swift in Sources */,
				E86A24A423F0088B00A56191 /* BoardTests.swift in Sources */,
			);
			runOnlyForDeploymentPostprocessing = 0;
		};
		E8FAD05023DE5A710097C050 /* Sources */ = {
			isa = PBXSourcesBuildPhase;
			buildActionMask = 2147483647;
			files = (
				E8FAD05923DE5A710097C050 /* Tetris_SwiftUIUITests.swift in Sources */,
			);
			runOnlyForDeploymentPostprocessing = 0;
		};
/* End PBXSourcesBuildPhase section */

/* Begin PBXTargetDependency section */
		E8FAD04B23DE5A710097C050 /* PBXTargetDependency */ = {
			isa = PBXTargetDependency;
			target = E8FAD03223DE5A700097C050 /* Tetris-SwiftUI */;
			targetProxy = E8FAD04A23DE5A710097C050 /* PBXContainerItemProxy */;
		};
		E8FAD05623DE5A710097C050 /* PBXTargetDependency */ = {
			isa = PBXTargetDependency;
			target = E8FAD03223DE5A700097C050 /* Tetris-SwiftUI */;
			targetProxy = E8FAD05523DE5A710097C050 /* PBXContainerItemProxy */;
		};
/* End PBXTargetDependency section */

/* Begin PBXVariantGroup section */
		E8FAD04123DE5A710097C050 /* LaunchScreen.storyboard */ = {
			isa = PBXVariantGroup;
			children = (
				E8FAD04223DE5A710097C050 /* Base */,
			);
			name = LaunchScreen.storyboard;
			sourceTree = "<group>";
		};
/* End PBXVariantGroup section */

/* Begin XCBuildConfiguration section */
		E8FAD05B23DE5A710097C050 /* Debug */ = {
			isa = XCBuildConfiguration;
			buildSettings = {
				ALWAYS_SEARCH_USER_PATHS = NO;
				CLANG_ANALYZER_NONNULL = YES;
				CLANG_ANALYZER_NUMBER_OBJECT_CONVERSION = YES_AGGRESSIVE;
				CLANG_CXX_LANGUAGE_STANDARD = "gnu++14";
				CLANG_CXX_LIBRARY = "libc++";
				CLANG_ENABLE_CODE_COVERAGE = YES;
				CLANG_ENABLE_MODULES = YES;
				CLANG_ENABLE_OBJC_ARC = YES;
				CLANG_ENABLE_OBJC_WEAK = YES;
				CLANG_WARN_BLOCK_CAPTURE_AUTORELEASING = YES;
				CLANG_WARN_BOOL_CONVERSION = YES;
				CLANG_WARN_COMMA = YES;
				CLANG_WARN_CONSTANT_CONVERSION = YES;
				CLANG_WARN_DEPRECATED_OBJC_IMPLEMENTATIONS = YES;
				CLANG_WARN_DIRECT_OBJC_ISA_USAGE = YES_ERROR;
				CLANG_WARN_DOCUMENTATION_COMMENTS = YES;
				CLANG_WARN_EMPTY_BODY = YES;
				CLANG_WARN_ENUM_CONVERSION = YES;
				CLANG_WARN_INFINITE_RECURSION = YES;
				CLANG_WARN_INT_CONVERSION = YES;
				CLANG_WARN_NON_LITERAL_NULL_CONVERSION = YES;
				CLANG_WARN_OBJC_IMPLICIT_RETAIN_SELF = YES;
				CLANG_WARN_OBJC_LITERAL_CONVERSION = YES;
				CLANG_WARN_OBJC_ROOT_CLASS = YES_ERROR;
				CLANG_WARN_RANGE_LOOP_ANALYSIS = YES;
				CLANG_WARN_STRICT_PROTOTYPES = YES;
				CLANG_WARN_SUSPICIOUS_MOVE = YES;
				CLANG_WARN_UNGUARDED_AVAILABILITY = YES_AGGRESSIVE;
				CLANG_WARN_UNREACHABLE_CODE = YES;
				CLANG_WARN__DUPLICATE_METHOD_MATCH = YES;
				COPY_PHASE_STRIP = NO;
				DEBUG_INFORMATION_FORMAT = dwarf;
				ENABLE_STRICT_OBJC_MSGSEND = YES;
				ENABLE_TESTABILITY = YES;
				GCC_C_LANGUAGE_STANDARD = gnu11;
				GCC_DYNAMIC_NO_PIC = NO;
				GCC_NO_COMMON_BLOCKS = YES;
				GCC_OPTIMIZATION_LEVEL = 0;
				GCC_PREPROCESSOR_DEFINITIONS = (
					"DEBUG=1",
					"$(inherited)",
				);
				GCC_WARN_64_TO_32_BIT_CONVERSION = YES;
				GCC_WARN_ABOUT_RETURN_TYPE = YES_ERROR;
				GCC_WARN_UNDECLARED_SELECTOR = YES;
				GCC_WARN_UNINITIALIZED_AUTOS = YES_AGGRESSIVE;
				GCC_WARN_UNUSED_FUNCTION = YES;
				GCC_WARN_UNUSED_VARIABLE = YES;
				IPHONEOS_DEPLOYMENT_TARGET = 13.2;
				MTL_ENABLE_DEBUG_INFO = INCLUDE_SOURCE;
				MTL_FAST_MATH = YES;
				ONLY_ACTIVE_ARCH = YES;
				SDKROOT = iphoneos;
				SWIFT_ACTIVE_COMPILATION_CONDITIONS = DEBUG;
				SWIFT_OPTIMIZATION_LEVEL = "-Onone";
			};
			name = Debug;
		};
		E8FAD05C23DE5A710097C050 /* Release */ = {
			isa = XCBuildConfiguration;
			buildSettings = {
				ALWAYS_SEARCH_USER_PATHS = NO;
				CLANG_ANALYZER_NONNULL = YES;
				CLANG_ANALYZER_NUMBER_OBJECT_CONVERSION = YES_AGGRESSIVE;
				CLANG_CXX_LANGUAGE_STANDARD = "gnu++14";
				CLANG_CXX_LIBRARY = "libc++";
				CLANG_ENABLE_CODE_COVERAGE = YES;
				CLANG_ENABLE_MODULES = YES;
				CLANG_ENABLE_OBJC_ARC = YES;
				CLANG_ENABLE_OBJC_WEAK = YES;
				CLANG_WARN_BLOCK_CAPTURE_AUTORELEASING = YES;
				CLANG_WARN_BOOL_CONVERSION = YES;
				CLANG_WARN_COMMA = YES;
				CLANG_WARN_CONSTANT_CONVERSION = YES;
				CLANG_WARN_DEPRECATED_OBJC_IMPLEMENTATIONS = YES;
				CLANG_WARN_DIRECT_OBJC_ISA_USAGE = YES_ERROR;
				CLANG_WARN_DOCUMENTATION_COMMENTS = YES;
				CLANG_WARN_EMPTY_BODY = YES;
				CLANG_WARN_ENUM_CONVERSION = YES;
				CLANG_WARN_INFINITE_RECURSION = YES;
				CLANG_WARN_INT_CONVERSION = YES;
				CLANG_WARN_NON_LITERAL_NULL_CONVERSION = YES;
				CLANG_WARN_OBJC_IMPLICIT_RETAIN_SELF = YES;
				CLANG_WARN_OBJC_LITERAL_CONVERSION = YES;
				CLANG_WARN_OBJC_ROOT_CLASS = YES_ERROR;
				CLANG_WARN_RANGE_LOOP_ANALYSIS = YES;
				CLANG_WARN_STRICT_PROTOTYPES = YES;
				CLANG_WARN_SUSPICIOUS_MOVE = YES;
				CLANG_WARN_UNGUARDED_AVAILABILITY = YES_AGGRESSIVE;
				CLANG_WARN_UNREACHABLE_CODE = YES;
				CLANG_WARN__DUPLICATE_METHOD_MATCH = YES;
				COPY_PHASE_STRIP = NO;
				DEBUG_INFORMATION_FORMAT = "dwarf-with-dsym";
				ENABLE_NS_ASSERTIONS = NO;
				ENABLE_STRICT_OBJC_MSGSEND = YES;
				GCC_C_LANGUAGE_STANDARD = gnu11;
				GCC_NO_COMMON_BLOCKS = YES;
				GCC_WARN_64_TO_32_BIT_CONVERSION = YES;
				GCC_WARN_ABOUT_RETURN_TYPE = YES_ERROR;
				GCC_WARN_UNDECLARED_SELECTOR = YES;
				GCC_WARN_UNINITIALIZED_AUTOS = YES_AGGRESSIVE;
				GCC_WARN_UNUSED_FUNCTION = YES;
				GCC_WARN_UNUSED_VARIABLE = YES;
				IPHONEOS_DEPLOYMENT_TARGET = 13.2;
				MTL_ENABLE_DEBUG_INFO = NO;
				MTL_FAST_MATH = YES;
				SDKROOT = iphoneos;
				SWIFT_COMPILATION_MODE = wholemodule;
				SWIFT_OPTIMIZATION_LEVEL = "-O";
				VALIDATE_PRODUCT = YES;
			};
			name = Release;
		};
		E8FAD05E23DE5A710097C050 /* Debug */ = {
			isa = XCBuildConfiguration;
			buildSettings = {
				ASSETCATALOG_COMPILER_APPICON_NAME = AppIcon;
				CODE_SIGN_STYLE = Automatic;
				DEVELOPMENT_ASSET_PATHS = "\"Tetris-SwiftUI/Preview Content\"";
				DEVELOPMENT_TEAM = P5969X6KML;
				ENABLE_PREVIEWS = YES;
				INFOPLIST_FILE = "Tetris-SwiftUI/Info.plist";
				LD_RUNPATH_SEARCH_PATHS = (
					"$(inherited)",
					"@executable_path/Frameworks",
				);
				PRODUCT_BUNDLE_IDENTIFIER = "tienho.Tetris-SwiftUI";
				PRODUCT_NAME = "$(TARGET_NAME)";
				SWIFT_VERSION = 5.0;
				TARGETED_DEVICE_FAMILY = "1,2";
			};
			name = Debug;
		};
		E8FAD05F23DE5A710097C050 /* Release */ = {
			isa = XCBuildConfiguration;
			buildSettings = {
				ASSETCATALOG_COMPILER_APPICON_NAME = AppIcon;
				CODE_SIGN_STYLE = Automatic;
				DEVELOPMENT_ASSET_PATHS = "\"Tetris-SwiftUI/Preview Content\"";
				DEVELOPMENT_TEAM = P5969X6KML;
				ENABLE_PREVIEWS = YES;
				INFOPLIST_FILE = "Tetris-SwiftUI/Info.plist";
				LD_RUNPATH_SEARCH_PATHS = (
					"$(inherited)",
					"@executable_path/Frameworks",
				);
				PRODUCT_BUNDLE_IDENTIFIER = "tienho.Tetris-SwiftUI";
				PRODUCT_NAME = "$(TARGET_NAME)";
				SWIFT_VERSION = 5.0;
				TARGETED_DEVICE_FAMILY = "1,2";
			};
			name = Release;
		};
		E8FAD06123DE5A710097C050 /* Debug */ = {
			isa = XCBuildConfiguration;
			buildSettings = {
				ALWAYS_EMBED_SWIFT_STANDARD_LIBRARIES = YES;
				BUNDLE_LOADER = "$(TEST_HOST)";
				CODE_SIGN_STYLE = Automatic;
				DEVELOPMENT_TEAM = P5969X6KML;
				INFOPLIST_FILE = "Tetris-SwiftUITests/Info.plist";
				IPHONEOS_DEPLOYMENT_TARGET = 13.2;
				LD_RUNPATH_SEARCH_PATHS = (
					"$(inherited)",
					"@executable_path/Frameworks",
					"@loader_path/Frameworks",
				);
				PRODUCT_BUNDLE_IDENTIFIER = "tienho.Tetris-SwiftUITests";
				PRODUCT_NAME = "$(TARGET_NAME)";
				SWIFT_VERSION = 5.0;
				TARGETED_DEVICE_FAMILY = "1,2";
				TEST_HOST = "$(BUILT_PRODUCTS_DIR)/Tetris-SwiftUI.app/Tetris-SwiftUI";
			};
			name = Debug;
		};
		E8FAD06223DE5A710097C050 /* Release */ = {
			isa = XCBuildConfiguration;
			buildSettings = {
				ALWAYS_EMBED_SWIFT_STANDARD_LIBRARIES = YES;
				BUNDLE_LOADER = "$(TEST_HOST)";
				CODE_SIGN_STYLE = Automatic;
				DEVELOPMENT_TEAM = P5969X6KML;
				INFOPLIST_FILE = "Tetris-SwiftUITests/Info.plist";
				IPHONEOS_DEPLOYMENT_TARGET = 13.2;
				LD_RUNPATH_SEARCH_PATHS = (
					"$(inherited)",
					"@executable_path/Frameworks",
					"@loader_path/Frameworks",
				);
				PRODUCT_BUNDLE_IDENTIFIER = "tienho.Tetris-SwiftUITests";
				PRODUCT_NAME = "$(TARGET_NAME)";
				SWIFT_VERSION = 5.0;
				TARGETED_DEVICE_FAMILY = "1,2";
				TEST_HOST = "$(BUILT_PRODUCTS_DIR)/Tetris-SwiftUI.app/Tetris-SwiftUI";
			};
			name = Release;
		};
		E8FAD06423DE5A710097C050 /* Debug */ = {
			isa = XCBuildConfiguration;
			buildSettings = {
				ALWAYS_EMBED_SWIFT_STANDARD_LIBRARIES = YES;
				CODE_SIGN_STYLE = Automatic;
				DEVELOPMENT_TEAM = P5969X6KML;
				INFOPLIST_FILE = "Tetris-SwiftUIUITests/Info.plist";
				LD_RUNPATH_SEARCH_PATHS = (
					"$(inherited)",
					"@executable_path/Frameworks",
					"@loader_path/Frameworks",
				);
				PRODUCT_BUNDLE_IDENTIFIER = "tienho.Tetris-SwiftUIUITests";
				PRODUCT_NAME = "$(TARGET_NAME)";
				SWIFT_VERSION = 5.0;
				TARGETED_DEVICE_FAMILY = "1,2";
				TEST_TARGET_NAME = "Tetris-SwiftUI";
			};
			name = Debug;
		};
		E8FAD06523DE5A710097C050 /* Release */ = {
			isa = XCBuildConfiguration;
			buildSettings = {
				ALWAYS_EMBED_SWIFT_STANDARD_LIBRARIES = YES;
				CODE_SIGN_STYLE = Automatic;
				DEVELOPMENT_TEAM = P5969X6KML;
				INFOPLIST_FILE = "Tetris-SwiftUIUITests/Info.plist";
				LD_RUNPATH_SEARCH_PATHS = (
					"$(inherited)",
					"@executable_path/Frameworks",
					"@loader_path/Frameworks",
				);
				PRODUCT_BUNDLE_IDENTIFIER = "tienho.Tetris-SwiftUIUITests";
				PRODUCT_NAME = "$(TARGET_NAME)";
				SWIFT_VERSION = 5.0;
				TARGETED_DEVICE_FAMILY = "1,2";
				TEST_TARGET_NAME = "Tetris-SwiftUI";
			};
			name = Release;
		};
/* End XCBuildConfiguration section */

/* Begin XCConfigurationList section */
		E8FAD02E23DE5A700097C050 /* Build configuration list for PBXProject "Tetris-SwiftUI" */ = {
			isa = XCConfigurationList;
			buildConfigurations = (
				E8FAD05B23DE5A710097C050 /* Debug */,
				E8FAD05C23DE5A710097C050 /* Release */,
			);
			defaultConfigurationIsVisible = 0;
			defaultConfigurationName = Release;
		};
		E8FAD05D23DE5A710097C050 /* Build configuration list for PBXNativeTarget "Tetris-SwiftUI" */ = {
			isa = XCConfigurationList;
			buildConfigurations = (
				E8FAD05E23DE5A710097C050 /* Debug */,
				E8FAD05F23DE5A710097C050 /* Release */,
			);
			defaultConfigurationIsVisible = 0;
			defaultConfigurationName = Release;
		};
		E8FAD06023DE5A710097C050 /* Build configuration list for PBXNativeTarget "Tetris-SwiftUITests" */ = {
			isa = XCConfigurationList;
			buildConfigurations = (
				E8FAD06123DE5A710097C050 /* Debug */,
				E8FAD06223DE5A710097C050 /* Release */,
			);
			defaultConfigurationIsVisible = 0;
			defaultConfigurationName = Release;
		};
		E8FAD06323DE5A710097C050 /* Build configuration list for PBXNativeTarget "Tetris-SwiftUIUITests" */ = {
			isa = XCConfigurationList;
			buildConfigurations = (
				E8FAD06423DE5A710097C050 /* Debug */,
				E8FAD06523DE5A710097C050 /* Release */,
			);
			defaultConfigurationIsVisible = 0;
			defaultConfigurationName = Release;
		};
/* End XCConfigurationList section */
	};
	rootObject = E8FAD02B23DE5A700097C050 /* Project object */;
}
